
Microsoft Visual Studio Solution File, Format Version 12.00
# Visual Studio Version 17
VisualStudioVersion = 17.10.35013.160
MinimumVisualStudioVersion = 10.0.40219.1
Project("{FAE04EC0-301F-11D3-BF4B-00C04F79EFBC}") = "API", "API\API.csproj", "{4E05427B-33CB-4DD4-B02E-F59EEAB1B630}"
EndProject
Global
	GlobalSection(SolutionConfigurationPlatforms) = preSolution
		Debug|Any CPU = Debug|Any CPU
		Release|Any CPU = Release|Any CPU
	EndGlobalSection
	GlobalSection(ProjectConfigurationPlatforms) = postSolution
		{4E05427B-33CB-4DD4-B02E-F59EEAB1B630}.Debug|Any CPU.ActiveCfg = Debug|Any CPU
		{4E05427B-33CB-4DD4-B02E-F59EEAB1B630}.Debug|Any CPU.Build.0 = Debug|Any CPU
		{4E05427B-33CB-4DD4-B02E-F59EEAB1B630}.Release|Any CPU.ActiveCfg = Release|Any CPU
		{4E05427B-33CB-4DD4-B02E-F59EEAB1B630}.Release|Any CPU.Build.0 = Release|Any CPU
	EndGlobalSection
	GlobalSection(SolutionProperties) = preSolution
		HideSolutionNode = FALSE
	EndGlobalSection
	GlobalSection(ExtensibilityGlobals) = postSolution
		SolutionGuid = {1DB207A2-3EF8-4B13-85E1-15EBC4CABFC1}
	EndGlobalSection
EndGlobal
